Microsoft Visual Studio Solution File, Format Version 12.00
# Visual Studio Version 17
VisualStudioVersion = 17.5.2.0
MinimumVisualStudioVersion = 10.0.40219.1
Project("{FAE04EC0-301F-11D3-BF4B-00C04F79EFBC}") = "CahtBotApi", "CahtBotApi\CahtBotApi.csproj", "{DA3CB411-1CD4-DA51-DDA4-C9010B799F20}"
EndProject
Global
	GlobalSection(SolutionConfigurationPlatforms) = preSolution
		Debug|Any CPU = Debug|Any CPU
		Release|Any CPU = Release|Any CPU
	EndGlobalSection
	GlobalSection(ProjectConfigurationPlatforms) = postSolution
		{DA3CB411-1CD4-DA51-DDA4-C9010B799F20}.Debug|Any CPU.ActiveCfg = Debug|Any CPU
		{DA3CB411-1CD4-DA51-DDA4-C9010B799F20}.Debug|Any CPU.Build.0 = Debug|Any CPU
		{DA3CB411-1CD4-DA51-DDA4-C9010B799F20}.Release|Any CPU.ActiveCfg = Release|Any CPU
		{DA3CB411-1CD4-DA51-DDA4-C9010B799F20}.Release|Any CPU.Build.0 = Release|Any CPU
	EndGlobalSection
	GlobalSection(SolutionProperties) = preSolution
		HideSolutionNode = FALSE
	EndGlobalSection
	GlobalSection(ExtensibilityGlobals) = postSolution
		SolutionGuid = {01C9FC50-60C3-4BF7-B338-CB81E7DFCD92}
	EndGlobalSection
EndGlobal
